
Microsoft Visual Studio Solution File, Format Version 12.00
# Visual Studio Version 17
VisualStudioVersion = 17.8.34322.80
MinimumVisualStudioVersion = 10.0.40219.1
Project("{8BC9CEB8-8B4A-11D0-8D11-00A0C91BC942}") = "Lesson 1 Task 1", "Lesson 1 Task 1\Lesson 1 Task 1.vcxproj", "{FE0A015D-D619-4C41-8500-687805DEA4CD}"
EndProject
Global
	GlobalSection(SolutionConfigurationPlatforms) = preSolution
		Debug|x64 = Debug|x64
		Debug|x86 = Debug|x86
		Release|x64 = Release|x64
		Release|x86 = Release|x86
	EndGlobalSection
	GlobalSection(ProjectConfigurationPlatforms) = postSolution
		{FE0A015D-D619-4C41-8500-687805DEA4CD}.Debug|x64.ActiveCfg = Debug|x64
		{FE0A015D-D619-4C41-8500-687805DEA4CD}.Debug|x64.Build.0 = Debug|x64
		{FE0A015D-D619-4C41-8500-687805DEA4CD}.Debug|x86.ActiveCfg = Debug|Win32
		{FE0A015D-D619-4C41-8500-687805DEA4CD}.Debug|x86.Build.0 = Debug|Win32
		{FE0A015D-D619-4C41-8500-687805DEA4CD}.Release|x64.ActiveCfg = Release|x64
		{FE0A015D-D619-4C41-8500-687805DEA4CD}.Release|x64.Build.0 = Release|x64
		{FE0A015D-D619-4C41-8500-687805DEA4CD}.Release|x86.ActiveCfg = Release|Win32
		{FE0A015D-D619-4C41-8500-687805DEA4CD}.Release|x86.Build.0 = Release|Win32
	EndGlobalSection
	GlobalSection(SolutionProperties) = preSolution
		HideSolutionNode = FALSE
	EndGlobalSection
	GlobalSection(ExtensibilityGlobals) = postSolution
		SolutionGuid = {7C19F1C8-5D1A-41DD-9FBA-F3AF77A4576A}
	EndGlobalSection
EndGlobal
